// !$*UTF8*$!
{
	archiveVersion = 1;
	classes = {
	};
	objectVersion = 46;
	objects = {

/* Begin PBXBuildFile section */
		B37BC87C1CAC344100F3BD2D /* MultipleColumnPhotoCollage.h in Headers */ = {isa = PBXBuildFile; fileRef = B37BC87B1CAC344100F3BD2D /* MultipleColumnPhotoCollage.h */; settings = {ATTRIBUTES = (Public, ); }; };
		B37BC8831CAC344200F3BD2D /* MultipleColumnPhotoCollage.framework in Frameworks */ = {isa = PBXBuildFile; fileRef = B37BC8781CAC344100F3BD2D /* MultipleColumnPhotoCollage.framework */; };
		B37BC8881CAC344200F3BD2D /* MultipleColumnPhotoCollageTests.swift in Sources */ = {isa = PBXBuildFile; fileRef = B37BC8871CAC344200F3BD2D /* MultipleColumnPhotoCollageTests.swift */; };
		B37BC8951CAC351D00F3BD2D /* MultipleColumnLayout.swift in Sources */ = {isa = PBXBuildFile; fileRef = B37BC8931CAC351D00F3BD2D /* MultipleColumnLayout.swift */; };
		B37BC8961CAC351D00F3BD2D /* PhotoCaptionCell.swift in Sources */ = {isa = PBXBuildFile; fileRef = B37BC8941CAC351D00F3BD2D /* PhotoCaptionCell.swift */; };
/* End PBXBuildFile section */

/* Begin PBXContainerItemProxy section */
		B37BC8841CAC344200F3BD2D /* PBXContainerItemProxy */ = {
			isa = PBXContainerItemProxy;
			containerPortal = B37BC86F1CAC344100F3BD2D /* Project object */;
			proxyType = 1;
			remoteGlobalIDString = B37BC8771CAC344100F3BD2D;
			remoteInfo = MultipleColumnPhotoCollage;
		};
/* End PBXContainerItemProxy section */

/* Begin PBXFileReference section */
		B37BC8781CAC344100F3BD2D /* MultipleColumnPhotoCollage.framework */ = {isa = PBXFileReference; explicitFileType = wrapper.framework; includeInIndex = 0; path = MultipleColumnPhotoCollage.framework; sourceTree = BUILT_PRODUCTS_DIR; };
		B37BC87B1CAC344100F3BD2D /* MultipleColumnPhotoCollage.h */ = {isa = PBXFileReference; lastKnownFileType = sourcecode.c.h; path = MultipleColumnPhotoCollage.h; sourceTree = "<group>"; };
		B37BC87D1CAC344100F3BD2D /* Info.plist */ = {isa = PBXFileReference; lastKnownFileType = text.plist.xml; path = Info.plist; sourceTree = "<group>"; };
		B37BC8821CAC344200F3BD2D /* MultipleColumnPhotoCollageTests.xctest */ = {isa = PBXFileReference; explicitFileType = wrapper.cfbundle; includeInIndex = 0; path = MultipleColumnPhotoCollageTests.xctest; sourceTree = BUILT_PRODUCTS_DIR; };
		B37BC8871CAC344200F3BD2D /* MultipleColumnPhotoCollageTests.swift */ = {isa = PBXFileReference; lastKnownFileType = sourcecode.swift; path = MultipleColumnPhotoCollageTests.swift; sourceTree = "<group>"; };
		B37BC8891CAC344200F3BD2D /* Info.plist */ = {isa = PBXFileReference; lastKnownFileType = text.plist.xml; path = Info.plist; sourceTree = "<group>"; };
		B37BC8931CAC351D00F3BD2D /* MultipleColumnLayout.swift */ = {isa = PBXFileReference; fileEncoding = 4; lastKnownFileType = sourcecode.swift; path = MultipleColumnLayout.swift; sourceTree = "<group>"; };
		B37BC8941CAC351D00F3BD2D /* PhotoCaptionCell.swift */ = {isa = PBXFileReference; fileEncoding = 4; lastKnownFileType = sourcecode.swift; path = PhotoCaptionCell.swift; sourceTree = "<group>"; };
/* End PBXFileReference section */

/* Begin PBXFrameworksBuildPhase section */
		B37BC8741CAC344100F3BD2D /* Frameworks */ = {
			isa = PBXFrameworksBuildPhase;
			buildActionMask = 2147483647;
			files = (
			);
			runOnlyForDeploymentPostprocessing = 0;
		};
		B37BC87F1CAC344200F3BD2D /* Frameworks */ = {
			isa = PBXFrameworksBuildPhase;
			buildActionMask = 2147483647;
			files = (
				B37BC8831CAC344200F3BD2D /* MultipleColumnPhotoCollage.framework in Frameworks */,
			);
			runOnlyForDeploymentPostprocessing = 0;
		};
/* End PBXFrameworksBuildPhase section */

/* Begin PBXGroup section */
		B37BC86E1CAC344100F3BD2D = {
			isa = PBXGroup;
			children = (
				B37BC87A1CAC344100F3BD2D /* MultipleColumnPhotoCollage */,
				B37BC8861CAC344200F3BD2D /* MultipleColumnPhotoCollageTests */,
				B37BC8791CAC344100F3BD2D /* Products */,
			);
			sourceTree = "<group>";
		};
		B37BC8791CAC344100F3BD2D /* Products */ = {
			isa = PBXGroup;
			children = (
				B37BC8781CAC344100F3BD2D /* MultipleColumnPhotoCollage.framework */,
				B37BC8821CAC344200F3BD2D /* MultipleColumnPhotoCollageTests.xctest */,
			);
			name = Products;
			sourceTree = "<group>";
		};
		B37BC87A1CAC344100F3BD2D /* MultipleColumnPhotoCollage */ = {
			isa = PBXGroup;
			children = (
				B37BC8921CAC345600F3BD2D /* Source */,
				B37BC87B1CAC344100F3BD2D /* MultipleColumnPhotoCollage.h */,
				B37BC87D1CAC344100F3BD2D /* Info.plist */,
			);
			path = MultipleColumnPhotoCollage;
			sourceTree = "<group>";
		};
		B37BC8861CAC344200F3BD2D /* MultipleColumnPhotoCollageTests */ = {
			isa = PBXGroup;
			children = (
				B37BC8871CAC344200F3BD2D /* MultipleColumnPhotoCollageTests.swift */,
				B37BC8891CAC344200F3BD2D /* Info.plist */,
			);
			path = MultipleColumnPhotoCollageTests;
			sourceTree = "<group>";
		};
		B37BC8921CAC345600F3BD2D /* Source */ = {
			isa = PBXGroup;
			children = (
				B37BC8931CAC351D00F3BD2D /* MultipleColumnLayout.swift */,
				B37BC8941CAC351D00F3BD2D /* PhotoCaptionCell.swift */,
			);
			name = Source;
			sourceTree = "<group>";
		};
/* End PBXGroup section */

/* Begin PBXHeadersBuildPhase section */
		B37BC8751CAC344100F3BD2D /* Headers */ = {
			isa = PBXHeadersBuildPhase;
			buildActionMask = 2147483647;
			files = (
				B37BC87C1CAC344100F3BD2D /* MultipleColumnPhotoCollage.h in Headers */,
			);
			runOnlyForDeploymentPostprocessing = 0;
		};
/* End PBXHeadersBuildPhase section */

/* Begin PBXNativeTarget section */
		B37BC8771CAC344100F3BD2D /* MultipleColumnPhotoCollage */ = {
			isa = PBXNativeTarget;
			buildConfigurationList = B37BC88C1CAC344200F3BD2D /* Build configuration list for PBXNativeTarget "MultipleColumnPhotoCollage" */;
			buildPhases = (
				B37BC8731CAC344100F3BD2D /* Sources */,
				B37BC8741CAC344100F3BD2D /* Frameworks */,
				B37BC8751CAC344100F3BD2D /* Headers */,
				B37BC8761CAC344100F3BD2D /* Resources */,
			);
			buildRules = (
			);
			dependencies = (
			);
			name = MultipleColumnPhotoCollage;
			productName = MultipleColumnPhotoCollage;
			productReference = B37BC8781CAC344100F3BD2D /* MultipleColumnPhotoCollage.framework */;
			productType = "com.apple.product-type.framework";
		};
		B37BC8811CAC344200F3BD2D /* MultipleColumnPhotoCollageTests */ = {
			isa = PBXNativeTarget;
			buildConfigurationList = B37BC88F1CAC344200F3BD2D /* Build configuration list for PBXNativeTarget "MultipleColumnPhotoCollageTests" */;
			buildPhases = (
				B37BC87E1CAC344200F3BD2D /* Sources */,
				B37BC87F1CAC344200F3BD2D /* Frameworks */,
				B37BC8801CAC344200F3BD2D /* Resources */,
			);
			buildRules = (
			);
			dependencies = (
				B37BC8851CAC344200F3BD2D /* PBXTargetDependency */,
			);
			name = MultipleColumnPhotoCollageTests;
			productName = MultipleColumnPhotoCollageTests;
			productReference = B37BC8821CAC344200F3BD2D /* MultipleColumnPhotoCollageTests.xctest */;
			productType = "com.apple.product-type.bundle.unit-test";
		};
/* End PBXNativeTarget section */

/* Begin PBXProject section */
		B37BC86F1CAC344100F3BD2D /* Project object */ = {
			isa = PBXProject;
			attributes = {
				LastSwiftUpdateCheck = 0730;
				LastUpgradeCheck = 0730;
				ORGANIZATIONNAME = gdaniele;
				TargetAttributes = {
					B37BC8771CAC344100F3BD2D = {
						CreatedOnToolsVersion = 7.3;
					};
					B37BC8811CAC344200F3BD2D = {
						CreatedOnToolsVersion = 7.3;
					};
				};
			};
			buildConfigurationList = B37BC8721CAC344100F3BD2D /* Build configuration list for PBXProject "MultipleColumnPhotoCollage" */;
			compatibilityVersion = "Xcode 3.2";
			developmentRegion = English;
			hasScannedForEncodings = 0;
			knownRegions = (
				en,
			);
			mainGroup = B37BC86E1CAC344100F3BD2D;
			productRefGroup = B37BC8791CAC344100F3BD2D /* Products */;
			projectDirPath = "";
			projectRoot = "";
			targets = (
				B37BC8771CAC344100F3BD2D /* MultipleColumnPhotoCollage */,
				B37BC8811CAC344200F3BD2D /* MultipleColumnPhotoCollageTests */,
			);
		};
/* End PBXProject section */

/* Begin PBXResourcesBuildPhase section */
		B37BC8761CAC344100F3BD2D /* Resources */ = {
			isa = PBXResourcesBuildPhase;
			buildActionMask = 2147483647;
			files = (
			);
			runOnlyForDeploymentPostprocessing = 0;
		};
		B37BC8801CAC344200F3BD2D /* Resources */ = {
			isa = PBXResourcesBuildPhase;
			buildActionMask = 2147483647;
			files = (
			);
			runOnlyForDeploymentPostprocessing = 0;
		};
/* End PBXResourcesBuildPhase section */

/* Begin PBXSourcesBuildPhase section */
		B37BC8731CAC344100F3BD2D /* Sources */ = {
			isa = PBXSourcesBuildPhase;
			buildActionMask = 2147483647;
			files = (
				B37BC8951CAC351D00F3BD2D /* MultipleColumnLayout.swift in Sources */,
				B37BC8961CAC351D00F3BD2D /* PhotoCaptionCell.swift in Sources */,
			);
			runOnlyForDeploymentPostprocessing = 0;
		};
		B37BC87E1CAC344200F3BD2D /* Sources */ = {
			isa = PBXSourcesBuildPhase;
			buildActionMask = 2147483647;
			files = (
				B37BC8881CAC344200F3BD2D /* MultipleColumnPhotoCollageTests.swift in Sources */,
			);
			runOnlyForDeploymentPostprocessing = 0;
		};
/* End PBXSourcesBuildPhase section */

/* Begin PBXTargetDependency section */
		B37BC8851CAC344200F3BD2D /* PBXTargetDependency */ = {
			isa = PBXTargetDependency;
			target = B37BC8771CAC344100F3BD2D /* MultipleColumnPhotoCollage */;
			targetProxy = B37BC8841CAC344200F3BD2D /* PBXContainerItemProxy */;
		};
/* End PBXTargetDependency section */

/* Begin XCBuildConfiguration section */
		B37BC88A1CAC344200F3BD2D /* Debug */ = {
			isa = XCBuildConfiguration;
			buildSettings = {
				ALWAYS_SEARCH_USER_PATHS = NO;
				CLANG_ANALYZER_NONNULL = YES;
				CLANG_CXX_LANGUAGE_STANDARD = "gnu++0x";
				CLANG_CXX_LIBRARY = "libc++";
				CLANG_ENABLE_MODULES = YES;
				CLANG_ENABLE_OBJC_ARC = YES;
				CLANG_WARN_BOOL_CONVERSION = YES;
				CLANG_WARN_CONSTANT_CONVERSION = YES;
				CLANG_WARN_DIRECT_OBJC_ISA_USAGE = YES_ERROR;
				CLANG_WARN_EMPTY_BODY = YES;
				CLANG_WARN_ENUM_CONVERSION = YES;
				CLANG_WARN_INT_CONVERSION = YES;
				CLANG_WARN_OBJC_ROOT_CLASS = YES_ERROR;
				CLANG_WARN_UNREACHABLE_CODE = YES;
				CLANG_WARN__DUPLICATE_METHOD_MATCH = YES;
				"CODE_SIGN_IDENTITY[sdk=iphoneos*]" = "iPhone Developer";
				COPY_PHASE_STRIP = NO;
				CURRENT_PROJECT_VERSION = 1;
				DEBUG_INFORMATION_FORMAT = dwarf;
				ENABLE_STRICT_OBJC_MSGSEND = YES;
				ENABLE_TESTABILITY = YES;
				GCC_C_LANGUAGE_STANDARD = gnu99;
				GCC_DYNAMIC_NO_PIC = NO;
				GCC_NO_COMMON_BLOCKS = YES;
				GCC_OPTIMIZATION_LEVEL = 0;
				GCC_PREPROCESSOR_DEFINITIONS = (
					"DEBUG=1",
					"$(inherited)",
				);
				GCC_WARN_64_TO_32_BIT_CONVERSION = YES;
				GCC_WARN_ABOUT_RETURN_TYPE = YES_ERROR;
				GCC_WARN_UNDECLARED_SELECTOR = YES;
				GCC_WARN_UNINITIALIZED_AUTOS = YES_AGGRESSIVE;
				GCC_WARN_UNUSED_FUNCTION = YES;
				GCC_WARN_UNUSED_VARIABLE = YES;
				IPHONEOS_DEPLOYMENT_TARGET = 9.3;
				MTL_ENABLE_DEBUG_INFO = YES;
				ONLY_ACTIVE_ARCH = YES;
				SDKROOT = iphoneos;
				SWIFT_OPTIMIZATION_LEVEL = "-Onone";
				TARGETED_DEVICE_FAMILY = "1,2";
				VERSIONING_SYSTEM = "apple-generic";
				VERSION_INFO_PREFIX = "";
			};
			name = Debug;
		};
		B37BC88B1CAC344200F3BD2D /* Release */ = {
			isa = XCBuildConfiguration;
			buildSettings = {
				ALWAYS_SEARCH_USER_PATHS = NO;
				CLANG_ANALYZER_NONNULL = YES;
				CLANG_CXX_LANGUAGE_STANDARD = "gnu++0x";
				CLANG_CXX_LIBRARY = "libc++";
				CLANG_ENABLE_MODULES = YES;
				CLANG_ENABLE_OBJC_ARC = YES;
				CLANG_WARN_BOOL_CONVERSION = YES;
				CLANG_WARN_CONSTANT_CONVERSION = YES;
				CLANG_WARN_DIRECT_OBJC_ISA_USAGE = YES_ERROR;
				CLANG_WARN_EMPTY_BODY = YES;
				CLANG_WARN_ENUM_CONVERSION = YES;
				CLANG_WARN_INT_CONVERSION = YES;
				CLANG_WARN_OBJC_ROOT_CLASS = YES_ERROR;
				CLANG_WARN_UNREACHABLE_CODE = YES;
				CLANG_WARN__DUPLICATE_METHOD_MATCH = YES;
				"CODE_SIGN_IDENTITY[sdk=iphoneos*]" = "iPhone Developer";
				COPY_PHASE_STRIP = NO;
				CURRENT_PROJECT_VERSION = 1;
				DEBUG_INFORMATION_FORMAT = "dwarf-with-dsym";
				ENABLE_NS_ASSERTIONS = NO;
				ENABLE_STRICT_OBJC_MSGSEND = YES;
				GCC_C_LANGUAGE_STANDARD = gnu99;
				GCC_NO_COMMON_BLOCKS = YES;
				GCC_WARN_64_TO_32_BIT_CONVERSION = YES;
				GCC_WARN_ABOUT_RETURN_TYPE = YES_ERROR;
				GCC_WARN_UNDECLARED_SELECTOR = YES;
				GCC_WARN_UNINITIALIZED_AUTOS = YES_AGGRESSIVE;
				GCC_WARN_UNUSED_FUNCTION = YES;
				GCC_WARN_UNUSED_VARIABLE = YES;
				IPHONEOS_DEPLOYMENT_TARGET = 9.3;
				MTL_ENABLE_DEBUG_INFO = NO;
				SDKROOT = iphoneos;
				TARGETED_DEVICE_FAMILY = "1,2";
				VALIDATE_PRODUCT = YES;
				VERSIONING_SYSTEM = "apple-generic";
				VERSION_INFO_PREFIX = "";
			};
			name = Release;
		};
		B37BC88D1CAC344200F3BD2D /* Debug */ = {
			isa = XCBuildConfiguration;
			buildSettings = {
				CLANG_ENABLE_MODULES = YES;
				DEFINES_MODULE = YES;
				DYLIB_COMPATIBILITY_VERSION = 1;
				DYLIB_CURRENT_VERSION = 1;
				DYLIB_INSTALL_NAME_BASE = "@rpath";
				INFOPLIST_FILE = MultipleColumnPhotoCollage/Info.plist;
				INSTALL_PATH = "$(LOCAL_LIBRARY_DIR)/Frameworks";
				IPHONEOS_DEPLOYMENT_TARGET = 9.0;
				LD_RUNPATH_SEARCH_PATHS = "$(inherited) @executable_path/Frameworks @loader_path/Frameworks";
				PRODUCT_BUNDLE_IDENTIFIER = com.gdaniele.MultipleColumnPhotoCollage;
				PRODUCT_NAME = "$(TARGET_NAME)";
				SKIP_INSTALL = YES;
				SWIFT_OPTIMIZATION_LEVEL = "-Onone";
			};
			name = Debug;
		};
		B37BC88E1CAC344200F3BD2D /* Release */ = {
			isa = XCBuildConfiguration;
			buildSettings = {
				CLANG_ENABLE_MODULES = YES;
				DEFINES_MODULE = YES;
				DYLIB_COMPATIBILITY_VERSION = 1;
				DYLIB_CURRENT_VERSION = 1;
				DYLIB_INSTALL_NAME_BASE = "@rpath";
				INFOPLIST_FILE = MultipleColumnPhotoCollage/Info.plist;
				INSTALL_PATH = "$(LOCAL_LIBRARY_DIR)/Frameworks";
				IPHONEOS_DEPLOYMENT_TARGET = 9.0;
				LD_RUNPATH_SEARCH_PATHS = "$(inherited) @executable_path/Frameworks @loader_path/Frameworks";
				PRODUCT_BUNDLE_IDENTIFIER = com.gdaniele.MultipleColumnPhotoCollage;
				PRODUCT_NAME = "$(TARGET_NAME)";
				SKIP_INSTALL = YES;
			};
			name = Release;
		};
		B37BC8901CAC344200F3BD2D /* Debug */ = {
			isa = XCBuildConfiguration;
			buildSettings = {
				INFOPLIST_FILE = MultipleColumnPhotoCollageTests/Info.plist;
				LD_RUNPATH_SEARCH_PATHS = "$(inherited) @executable_path/Frameworks @loader_path/Frameworks";
				PRODUCT_BUNDLE_IDENTIFIER = com.gdaniele.MultipleColumnPhotoCollageTests;
				PRODUCT_NAME = "$(TARGET_NAME)";
			};
			name = Debug;
		};
		B37BC8911CAC344200F3BD2D /* Release */ = {
			isa = XCBuildConfiguration;
			buildSettings = {
				INFOPLIST_FILE = MultipleColumnPhotoCollageTests/Info.plist;
				LD_RUNPATH_SEARCH_PATHS = "$(inherited) @executable_path/Frameworks @loader_path/Frameworks";
				PRODUCT_BUNDLE_IDENTIFIER = com.gdaniele.MultipleColumnPhotoCollageTests;
				PRODUCT_NAME = "$(TARGET_NAME)";
			};
			name = Release;
		};
/* End XCBuildConfiguration section */

/* Begin XCConfigurationList section */
		B37BC8721CAC344100F3BD2D /* Build configuration list for PBXProject "MultipleColumnPhotoCollage" */ = {
			isa = XCConfigurationList;
			buildConfigurations = (
				B37BC88A1CAC344200F3BD2D /* Debug */,
				B37BC88B1CAC344200F3BD2D /* Release */,
			);
			defaultConfigurationIsVisible = 0;
			defaultConfigurationName = Release;
		};
		B37BC88C1CAC344200F3BD2D /* Build configuration list for PBXNativeTarget "MultipleColumnPhotoCollage" */ = {
			isa = XCConfigurationList;
			buildConfigurations = (
				B37BC88D1CAC344200F3BD2D /* Debug */,
				B37BC88E1CAC344200F3BD2D /* Release */,
			);
			defaultConfigurationIsVisible = 0;
			defaultConfigurationName = Release;
		};
		B37BC88F1CAC344200F3BD2D /* Build configuration list for PBXNativeTarget "MultipleColumnPhotoCollageTests" */ = {
			isa = XCConfigurationList;
			buildConfigurations = (
				B37BC8901CAC344200F3BD2D /* Debug */,
				B37BC8911CAC344200F3BD2D /* Release */,
			);
			defaultConfigurationIsVisible = 0;
			defaultConfigurationName = Release;
		};
/* End XCConfigurationList section */
	};
	rootObject = B37BC86F1CAC344100F3BD2D /* Project object */;
}
